
Microsoft Visual Studio Solution File, Format Version 12.00
# Visual Studio Version 17
VisualStudioVersion = 17.7.34031.279
MinimumVisualStudioVersion = 10.0.40219.1
Project("{FAE04EC0-301F-11D3-BF4B-00C04F79EFBC}") = "CRUD.ConsoleApplication", "CRUD.ConsoleApplication.csproj", "{6224E7EF-CD35-4B3B-B43F-90CAA5219BB4}"
EndProject
Global
	GlobalSection(SolutionConfigurationPlatforms) = preSolution
		Debug|Any CPU = Debug|Any CPU
		Release|Any CPU = Release|Any CPU
	EndGlobalSection
	GlobalSection(ProjectConfigurationPlatforms) = postSolution
		{6224E7EF-CD35-4B3B-B43F-90CAA5219BB4}.Debug|Any CPU.ActiveCfg = Debug|Any CPU
		{6224E7EF-CD35-4B3B-B43F-90CAA5219BB4}.Debug|Any CPU.Build.0 = Debug|Any CPU
		{6224E7EF-CD35-4B3B-B43F-90CAA5219BB4}.Release|Any CPU.ActiveCfg = Release|Any CPU
		{6224E7EF-CD35-4B3B-B43F-90CAA5219BB4}.Release|Any CPU.Build.0 = Release|Any CPU
	EndGlobalSection
	GlobalSection(SolutionProperties) = preSolution
		HideSolutionNode = FALSE
	EndGlobalSection
	GlobalSection(ExtensibilityGlobals) = postSolution
		SolutionGuid = {9D0F7BAF-3C1E-46B4-B939-0E9D23554A9D}
	EndGlobalSection
EndGlobal
